
Microsoft Visual Studio Solution File, Format Version 10.00
# Visual Studio 2008
Project("{8BC9CEB8-8B4A-11D0-8D11-00A0C91BC942}") = "gorilla_sample", "gorilla_sample.vcproj", "{875B8D1A-76EB-4B99-A873-1B12B44E9B73}"
EndProject
Project("{8BC9CEB8-8B4A-11D0-8D11-00A0C91BC942}") = "gorilla_console", "GorillaOgreConsole.vcproj", "{5149D250-1629-41DF-9A7E-5982296E2906}"
EndProject
Global
	GlobalSection(SolutionConfigurationPlatforms) = preSolution
		Debug|Win32 = Debug|Win32
		Release|Win32 = Release|Win32
	EndGlobalSection
	GlobalSection(ProjectConfigurationPlatforms) = postSolution
		{875B8D1A-76EB-4B99-A873-1B12B44E9B73}.Debug|Win32.ActiveCfg = Debug|Win32
		{875B8D1A-76EB-4B99-A873-1B12B44E9B73}.Debug|Win32.Build.0 = Debug|Win32
		{875B8D1A-76EB-4B99-A873-1B12B44E9B73}.Release|Win32.ActiveCfg = Release|Win32
		{875B8D1A-76EB-4B99-A873-1B12B44E9B73}.Release|Win32.Build.0 = Release|Win32
		{5149D250-1629-41DF-9A7E-5982296E2906}.Debug|Win32.ActiveCfg = Debug|Win32
		{5149D250-1629-41DF-9A7E-5982296E2906}.Debug|Win32.Build.0 = Debug|Win32
		{5149D250-1629-41DF-9A7E-5982296E2906}.Release|Win32.ActiveCfg = Release|Win32
		{5149D250-1629-41DF-9A7E-5982296E2906}.Release|Win32.Build.0 = Release|Win32
	EndGlobalSection
	GlobalSection(SolutionProperties) = preSolution
		HideSolutionNode = FALSE
	EndGlobalSection
EndGlobal
